
Microsoft Visual Studio Solution File, Format Version 12.00
# Visual Studio Version 16
VisualStudioVersion = 16.0.31205.134
MinimumVisualStudioVersion = 10.0.40219.1
Project("{888888A0-9F3D-457C-B088-3A5042F75D52}") = "Desafio033", "Desafio033\Desafio033.pyproj", "{7B1CEC40-34D6-4B34-9118-BAD85AF57291}"
EndProject
Global
	GlobalSection(SolutionConfigurationPlatforms) = preSolution
		Debug|Any CPU = Debug|Any CPU
		Release|Any CPU = Release|Any CPU
	EndGlobalSection
	GlobalSection(ProjectConfigurationPlatforms) = postSolution
		{7B1CEC40-34D6-4B34-9118-BAD85AF57291}.Debug|Any CPU.ActiveCfg = Debug|Any CPU
		{7B1CEC40-34D6-4B34-9118-BAD85AF57291}.Release|Any CPU.ActiveCfg = Release|Any CPU
	EndGlobalSection
	GlobalSection(SolutionProperties) = preSolution
		HideSolutionNode = FALSE
	EndGlobalSection
	GlobalSection(ExtensibilityGlobals) = postSolution
		SolutionGuid = {DE6227D1-00B9-4320-9CDB-1269186DBB86}
	EndGlobalSection
EndGlobal
