
Microsoft Visual Studio Solution File, Format Version 12.00
# Visual Studio Version 16
VisualStudioVersion = 16.0.31205.134
MinimumVisualStudioVersion = 10.0.40219.1
Project("{888888A0-9F3D-457C-B088-3A5042F75D52}") = "Desafio032AnoBissexto", "Desafio032AnoBissexto\Desafio032AnoBissexto.pyproj", "{219B21B4-EBD9-4A40-8ECD-452E17E5292A}"
EndProject
Global
	GlobalSection(SolutionConfigurationPlatforms) = preSolution
		Debug|Any CPU = Debug|Any CPU
		Release|Any CPU = Release|Any CPU
	EndGlobalSection
	GlobalSection(ProjectConfigurationPlatforms) = postSolution
		{219B21B4-EBD9-4A40-8ECD-452E17E5292A}.Debug|Any CPU.ActiveCfg = Debug|Any CPU
		{219B21B4-EBD9-4A40-8ECD-452E17E5292A}.Release|Any CPU.ActiveCfg = Release|Any CPU
	EndGlobalSection
	GlobalSection(SolutionProperties) = preSolution
		HideSolutionNode = FALSE
	EndGlobalSection
	GlobalSection(ExtensibilityGlobals) = postSolution
		SolutionGuid = {353A8C07-DC42-4CA1-ACFE-0BA440BFCFFE}
	EndGlobalSection
EndGlobal
